
Microsoft Visual Studio Solution File, Format Version 12.00
# Visual Studio Version 16
VisualStudioVersion = 16.0.31005.135
MinimumVisualStudioVersion = 10.0.40219.1
Project("{FAE04EC0-301F-11D3-BF4B-00C04F79EFBC}") = "SpeakifyAPI", "SpeakifyAPI\SpeakifyAPI.csproj", "{ABCA2E8A-5E63-41B8-B91F-D2C170E47B3B}"
EndProject
Global
	GlobalSection(SolutionConfigurationPlatforms) = preSolution
		Debug|Any CPU = Debug|Any CPU
		Release|Any CPU = Release|Any CPU
	EndGlobalSection
	GlobalSection(ProjectConfigurationPlatforms) = postSolution
		{ABCA2E8A-5E63-41B8-B91F-D2C170E47B3B}.Debug|Any CPU.ActiveCfg = Debug|Any CPU
		{ABCA2E8A-5E63-41B8-B91F-D2C170E47B3B}.Debug|Any CPU.Build.0 = Debug|Any CPU
		{ABCA2E8A-5E63-41B8-B91F-D2C170E47B3B}.Release|Any CPU.ActiveCfg = Release|Any CPU
		{ABCA2E8A-5E63-41B8-B91F-D2C170E47B3B}.Release|Any CPU.Build.0 = Release|Any CPU
	EndGlobalSection
	GlobalSection(SolutionProperties) = preSolution
		HideSolutionNode = FALSE
	EndGlobalSection
	GlobalSection(ExtensibilityGlobals) = postSolution
		SolutionGuid = {6AFF0308-A328-409C-80DE-B8AEF1E01204}
	EndGlobalSection
EndGlobal
